
Microsoft Visual Studio Solution File, Format Version 12.00
# Visual Studio Version 17
VisualStudioVersion = 17.14.36518.9 d17.14
MinimumVisualStudioVersion = 10.0.40219.1
Project("{FAE04EC0-301F-11D3-BF4B-00C04F79EFBC}") = "SuperheroDatabase", "SuperheroDatabase.csproj", "{A58CB86A-469E-4607-A3DA-A6EFC11E4AF0}"
EndProject
Global
	GlobalSection(SolutionConfigurationPlatforms) = preSolution
		Debug|Any CPU = Debug|Any CPU
		Release|Any CPU = Release|Any CPU
	EndGlobalSection
	GlobalSection(ProjectConfigurationPlatforms) = postSolution
		{A58CB86A-469E-4607-A3DA-A6EFC11E4AF0}.Debug|Any CPU.ActiveCfg = Debug|Any CPU
		{A58CB86A-469E-4607-A3DA-A6EFC11E4AF0}.Debug|Any CPU.Build.0 = Debug|Any CPU
		{A58CB86A-469E-4607-A3DA-A6EFC11E4AF0}.Release|Any CPU.ActiveCfg = Release|Any CPU
		{A58CB86A-469E-4607-A3DA-A6EFC11E4AF0}.Release|Any CPU.Build.0 = Release|Any CPU
	EndGlobalSection
	GlobalSection(SolutionProperties) = preSolution
		HideSolutionNode = FALSE
	EndGlobalSection
	GlobalSection(ExtensibilityGlobals) = postSolution
		SolutionGuid = {6A1186C7-8F0E-4E87-871F-5026C2948BB7}
	EndGlobalSection
EndGlobal
